{
    "_meta": {
        "hash": {
            "sha256": "146b857163af88143440af58a33919c6654d6dfcc493612da9df0615b3a2ad9b"
        },
        "pipfile-spec": 6,
        "requires": {
            "python_full_version": "3.11.6",
            "python_version": "3.11"
        },
        "sources": [
            {
                "name": "pypi",
                "url": "https://pypi.org/simple",
                "verify_ssl": true
            }
        ]
    },
    "default": {
        "levenshtein": {
            "hashes": [
                "sha256:003635abca2da5c96788588e24aa97a8b7c45e9accdf8e82ae9975daac0b798b",
                "sha256:008f665f7c885fa9f6537dd35b82dc25cfbd03f3cda48a045d3fa189ce972e26",
                "sha256:00e80b870a85f487cb151d38532d52d6a4303f05f257915c1a20c06f24809e1c",
                "sha256:01b36cae9c5ddae8f178814e603a388968bc23059343b1b61fc396d72a51321f",
                "sha256:0a11365daa4db76b538c0f48a63b1ae1cbc37e178bc81e3af818bf848bd345f7",
                "sha256:0a3a2b64965f79cd5db75b3207ad637175727fb188acee96a2c25989cb79eddc",
                "sha256:0a78fc02072e04b12711a1f01ed703cbffa852e1ff92edf9bf05d43e6044028b",
                "sha256:0d2c8208bc55e81f6192872c4bdb556fcbbd911a1107417c11ac9283648a356f",
                "sha256:0fcf720cfbcc46dbdc1322a3f95bd2680844b127edb8eba3ab168b5cb41d4443",
                "sha256:10216260b155e8ebd19c82c3864a2e5bead2020eb46936bfb69a26efc73053ac",
                "sha256:1167e7f58588b991a1c058631ad12e7e3882644e3842ebc2ec55fff9615caf8b",
                "sha256:13832c213c72ed6fc59e2bcb69f6e540a3f812e169ef51c07509d299c4b233a2",
                "sha256:14702c06fbe59f78025b3a0c825b91ede14d55b96a049d34796f9b3771456e83",
                "sha256:14fc8ed8ad16f619d0975df70e63bd5a5c7b88aabc4037b8395346ff7bdb250c",
                "sha256:157d4138dbbdbc3756f6cc166860c447f2268ef07ee80f520583cb940fd37545",
                "sha256:16143f27641fc212e9745490948a0fbd42b8593058771737f0b020be1bacda33",
                "sha256:161815d2496221a361539122413d61b054e8881646a06129cc7328f65bffad8b",
                "sha256:18749dfc6778821d8aeecc0b993906a49749a256bc762fa6067493f22a7ddf8e",
                "sha256:1ab939d05d506f9fc80603fa64a5c19a398eb927b1f188f97f60d9382e2a0efe",
                "sha256:1d7e491c9bfb86aa6dfedeee88edd2e1a760c6c085490a6fa28c99328a95d0ff",
                "sha256:1f29d764a31dba249cb8f44f9dfa3e4c3180f7fc73c457f5ec5a092f00a555b7",
                "sha256:203cf2034ad636eaf2b4b2bd44dfe5822abe556b732ccb98394d5d0a26d2b045",
                "sha256:26230f8ff50e72e82f3100d2f1153b3890fda9670bf8969755df7713484093ac",
                "sha256:264b79ab26b03a1b099e40e4050451d4ae17cca514e0f06d8f2fc55a4cdd1ab5",
                "sha256:271c9c4485beda8d23561cc7b046e1049a5beee09bb16f8dec6b756f572c59ed",
                "sha256:282c97890466a02174bd7713395fa69764d415c7816d8624386e74c3a1c358d6",
                "sha256:2eb4d6b953586ceb5ffa13873302037cbd678f3cb3eb28e7dfa6bd7d9237366e",
                "sha256:306b9ea4acce215415ee8d11b9a1fd1f5020ea7a8fbf995e4f9789fc8ec947d8",
                "sha256:370be3bafde8f69051a12305af862e18280fbf72f7b819b3fabbec13e7d0cac9",
                "sha256:389f1e4dee92f2d91297dfa4595a409bd688a3009bcc93523ab66d78cc7548b2",
                "sha256:38b1e26f04c8fb73882e7409026b249e7c4ffccc97992a013a3102295eabf193",
                "sha256:3faf5497ac7699b0b34b06dff5277334e410cdab43d4c86e8ca34fc1df92a781",
                "sha256:48c056cdfb269ffc3f4383471a1a35217120fb15995785bf277bf16561626f59",
                "sha256:49cea609250ec61e2b320afe9288c8a9ee91aa3978e249362af53ed9066f944e",
                "sha256:4b27cfd9396e6c720cb13b3bdd35545afca92816d13649c1e8b99586f5d81754",
                "sha256:4c1568e82a4d14ea0a9db11cd58618a55164e721f4f8c445b5ab70d2b304f1f5",
                "sha256:500aee88248bbe8bb6e33f60fff7d8fa2e0fa40c36589fe5382f5678770c0f90",
                "sha256:5138c2a8a62f5219c7d29ae077d2272c4e58626480b3748f48772e87a3e7fe9b",
                "sha256:52d459efb8d9ad8a13317df38eb198f1b9ad4b669c8e00f0c3acf46e3468e8aa",
                "sha256:5368c332632c2534060b8b63c9076a15370e4c35fbc2f22f45162713277aa239",
                "sha256:541e9feeb33fdcb8414c9b0f8bc2a6d11af4b746abf14899f8f0cad80b85ca03",
                "sha256:54670a6b626c5c2b96c5e9faaa8599c6e9a933a701441cfd82c01d1785b4dca5",
                "sha256:549f9eb3073c03d8626c5a94e2768fb3de92af7ef93a97c5aa639427158660b4",
                "sha256:5a9015d600e4e0ad2339bc44c905019957f45228acfc8c441922d9550b106969",
                "sha256:606d5f868e2579d067f153a0c57563f144e45173aa1e21d5c5fbf2ce5a65615e",
                "sha256:610909d494f23f8d24775499796f25ad650315c4abb59260c2ebb82ff9e3323d",
                "sha256:61af529827edb59610aaccf053508228e7205a07abbf9108fe25957c66c879b3",
                "sha256:61d861a17f7e69b191a29a3029d9048cf2d6c73ba0d47bd57e1f36f5eb8e79cd",
                "sha256:658b4085252d044390bf3e26eb52d0f8c4cc1bff7250711458d83ed3043b2a97",
                "sha256:692f28b632c3726ea55878f736b996457a1d2887b42a33474ee4c219b505798b",
                "sha256:6d662ae4325af7865443674ddd0fe95df15cc962f75b27c93b5fe7286174d537",
                "sha256:76e216fcad971a5770a18a7cd97a4b0838974bdd54f073ebd9c3425a2efb7410",
                "sha256:7821a1776bd4aee6f1075b6f48612eae21abc04dc2e91f5858bce85ebc44bd83",
                "sha256:7934381e902258b4a5f8e5cb56d45bd5da051763b7c8fb3acdaba1fdb91a197a",
                "sha256:7b5e165e4b36eea0df530a29a8b05c88d6bca01c652b0128f603be1f117e6ea1",
                "sha256:7b5e2bdae788d237f0e11ba7c06762f1fdb181a8d200961bcc2cd631c63c158a",
                "sha256:7bd018087add386d766b6926635168b1f83f440b8ce1bba8c497fac3a1995328",
                "sha256:83869023f190d21c7246f02700b8ff72b443e5ad0baa9decf1bc146451b5d9b0",
                "sha256:842544ce1cfb7a0edcb0b21cf78f2b271a9e1ba911e9b6e2e4fa753eaf67150e",
                "sha256:8604794aba363638e00f10b11f3c704524cd5d32624f83601ba05d362f51da2a",
                "sha256:86d285d770551cb648d4fcfe5243449a479e694e56b65272dc6cbda879012051",
                "sha256:8958b21fae93c9210e56b9c53520ca3aad2d60f0ff44dc33605c40e562d23411",
                "sha256:8a50b25a72be543dfe99ce5383c5d6a44235bda1dcef2b1eb69dfbde8f75149c",
                "sha256:8b52823b4908cc7f4b3202242d6d632a3b021c01301906e08069071e939136be",
                "sha256:8c9ea26ab65d4c35220801c73d59e181081db63b854de78b5645295c19880786",
                "sha256:8cef3132c6bd74e37706330206a87f7c165a2a5a67048bad986877fd83e13a44",
                "sha256:8db9c2682a0fb0a83c0eb54baef63d78808b62885d3288abfa16cb9f29e062b6",
                "sha256:8e0da18c2ca3b76dfc26ea6cf1c15d2526f3c0e9609d0a790210940ae58a79be",
                "sha256:8f4fbc8b7ae61fe596f3a2256ea4122f61d7a58fe77d45a7e85a594e4e03c8c2",
                "sha256:8fbc6377cc56d9f9b40785ed73b706b09f45c2117fb91a24230ad090d2bd5d8f",
                "sha256:91cdfdebcf67210c89811c538bcf08dde237fde4aa35787ecf65621ae948a317",
                "sha256:91f1945090b6a22527272f86354f1e352d94535e50855b29982c4a710d39ae2a",
                "sha256:981b27f8ad1dab9871807fc4a50e4db52c9b3c39706aadc053415152e70c15ff",
                "sha256:98a27eb7a655a956b219374d2232e16b908fde5a750f839da36e2b9ecbfa35e0",
                "sha256:98bcfa889c7a97155fb2675506fb242710596cfcd6bcadf37e58cfe421968f47",
                "sha256:99c69647d56c90a3ea0d2c4bb252eb77d4724e0774f5102f098e7794125fc0cf",
                "sha256:a3bc743a8ce662355513aad10d81ca2f865b600a4bc63adc4ca9575885042f63",
                "sha256:abb60261fa00029681d89b2e72342209f9253d8cab5c040dc4eb8db4eb9c998d",
                "sha256:ac3cf596cd7fc16f79c4013c4a4b7fb1ec73caf0169c332d99322039bc3811bf",
                "sha256:acc4c9587d94053cbd314eb3d3372aa7c42282fced037c7ae597be8400b22e74",
                "sha256:b2db7bab8d9865c51be9bf5006bc712cd30b31f2fcf09009470099ef07f21485",
                "sha256:b977a803fd69e37ea4a3253e450aac84aadd092e245036bf935e9ce69eb9bd09",
                "sha256:bad0649573449a03f549a56783b37f87f514c478134d6416b1d5160bf1fcfd93",
                "sha256:bb08576209cc180a48ec47ba8444bbab16d1a98a21e557b2b5420916c0366b9f",
                "sha256:bb2ac06a597e29a37d2ee9a2a91467b4790ff47cf67d724883fe2342d74e3100",
                "sha256:bc86bd217386768d323662f8c864e0dee90a573f222675b6834e972330f4ec39",
                "sha256:be6cc97ad71185e714d52997cf85bc8432fabc60b46ed8e6b30717ca5f9dacc8",
                "sha256:c1c52c58e8ff50c8d58c6fe2753a6f6d6bf56394dd86549879fd6cac032d8f7d",
                "sha256:c5951b855d5111d27d6b330b5c31c882df030b86769899ba1c6a9bb819d15acd",
                "sha256:c65695e1650fea3e42db16ae75e8b3dd04109e0b59eed9f1e206f7d5d15d2dc9",
                "sha256:caf45bd4aadca4c08127c903fd02f5564438966c6ce1e6f30595332ff844e360",
                "sha256:cd79d847422bdaffe5dc46d018c56b22f5bcdf59bcbc2855ded1517669a241df",
                "sha256:d29b09ea4cc45716b47d1ac0c34c0e952bf1de14e0d0578ea8bcde12e00d14eb",
                "sha256:d40b14d9c95c77407c2ce9063e28f420f502609efbcf48f2ae240137c1b0297a",
                "sha256:d6f5d95b4a8b91e267b3e061e6838bc7beee4394da161e9d8cf5ead5412a3841",
                "sha256:dbbbd989c9511461e0742e53d52aaa3e8edff8858f825d29364785d88df080a5",
                "sha256:dc53b1f9e4f43fa28faad39c2622f285e6b250455cfed2b38daf2337c69be63a",
                "sha256:e20dff9e11be7691b34dc49c5b58ed73b435d6720cfd1b37ee906f9696fc5a00",
                "sha256:e49a4d8b9bbeceaf2618409ce0ba6cd83535b2ce8cf9144d5cb913728f17fffc",
                "sha256:e4f7ecd6669c94c28fdfb6be1561d2615a699823494140c382d9c58fece3d75b",
                "sha256:e52c339fcca07749469c1d48157eeeda6671594577ad080f0ccdd8583e9d9a8c",
                "sha256:eaa3d2174132ff6bfa488c320f9e309018f003b819f942203bd508fe16d2b1a6",
                "sha256:ef72b265c445bf4dd0187b4a49565fcd184183419918330ed4ea7b66031c041d",
                "sha256:f56203d5e3805ea947cad41b70d3f88d07cd21a634653ef87e9c74e813b579ae",
                "sha256:f5bbc77c2d59a394075c1023fa1555082602aadd923a8c90b5121f8a543c8870",
                "sha256:f61afd1b9c741d4c19d37473c045a581fc155f3c8f357f98c7c8caf306f3ad21",
                "sha256:f71840265862ad507873593749219c2e130830784ccbb71253e093e9d29ac63d",
                "sha256:f839a1c2d0ba092ad1f571c817a1554a3a5fffad9ae8bd238307c7df4f95a042"
            ],
            "markers": "python_version >= '3.7'",
            "version": "==0.22.0"
        },
        "networkx": {
            "hashes": [
                "sha256:4f33f68cb2afcf86f28a45f43efc27a9386b535d567d2127f8f61d51dec58d36",
                "sha256:de346335408f84de0eada6ff9fafafff9bcda11f0a0dfaa931133debb146ab61"
            ],
            "index": "pypi",
            "markers": "python_version >= '3.8'",
            "version": "==3.1"
        },
        "numpy": {
            "hashes": [
                "sha256:020cdbee66ed46b671429c7265cf00d8ac91c046901c55684954c3958525dab2",
                "sha256:0621f7daf973d34d18b4e4bafb210bbaf1ef5e0100b5fa750bd9cde84c7ac292",
                "sha256:0792824ce2f7ea0c82ed2e4fecc29bb86bee0567a080dacaf2e0a01fe7654369",
                "sha256:09aaee96c2cbdea95de76ecb8a586cb687d281c881f5f17bfc0fb7f5890f6b91",
                "sha256:166b36197e9debc4e384e9c652ba60c0bacc216d0fc89e78f973a9760b503388",
                "sha256:186ba67fad3c60dbe8a3abff3b67a91351100f2661c8e2a80364ae6279720299",
                "sha256:306545e234503a24fe9ae95ebf84d25cba1fdc27db971aa2d9f1ab6bba19a9dd",
                "sha256:436c8e9a4bdeeee84e3e59614d38c3dbd3235838a877af8c211cfcac8a80b8d3",
                "sha256:4a873a8180479bc829313e8d9798d5234dfacfc2e8a7ac188418189bb8eafbd2",
                "sha256:4acc65dd65da28060e206c8f27a573455ed724e6179941edb19f97e58161bb69",
                "sha256:51be5f8c349fdd1a5568e72713a21f518e7d6707bcf8503b528b88d33b57dc68",
                "sha256:546b7dd7e22f3c6861463bebb000646fa730e55df5ee4a0224408b5694cc6148",
                "sha256:5671338034b820c8d58c81ad1dafc0ed5a00771a82fccc71d6438df00302094b",
                "sha256:637c58b468a69869258b8ae26f4a4c6ff8abffd4a8334c830ffb63e0feefe99a",
                "sha256:767254ad364991ccfc4d81b8152912e53e103ec192d1bb4ea6b1f5a7117040be",
                "sha256:7d484292eaeb3e84a51432a94f53578689ffdea3f90e10c8b203a99be5af57d8",
                "sha256:7f6bad22a791226d0a5c7c27a80a20e11cfe09ad5ef9084d4d3fc4a299cca505",
                "sha256:86f737708b366c36b76e953c46ba5827d8c27b7a8c9d0f471810728e5a2fe57c",
                "sha256:8c6adc33561bd1d46f81131d5352348350fc23df4d742bb246cdfca606ea1208",
                "sha256:914b28d3215e0c721dc75db3ad6d62f51f630cb0c277e6b3bcb39519bed10bd8",
                "sha256:b44e6a09afc12952a7d2a58ca0a2429ee0d49a4f89d83a0a11052da696440e49",
                "sha256:bb0d9a1aaf5f1cb7967320e80690a1d7ff69f1d47ebc5a9bea013e3a21faec95",
                "sha256:c0b45c8b65b79337dee5134d038346d30e109e9e2e9d43464a2970e5c0e93229",
                "sha256:c2e698cb0c6dda9372ea98a0344245ee65bdc1c9dd939cceed6bb91256837896",
                "sha256:c78a22e95182fb2e7874712433eaa610478a3caf86f28c621708d35fa4fd6e7f",
                "sha256:e062aa24638bb5018b7841977c360d2f5917268d125c833a686b7cbabbec496c",
                "sha256:e5e18e5b14a7560d8acf1c596688f4dfd19b4f2945b245a71e5af4ddb7422feb",
                "sha256:eae430ecf5794cb7ae7fa3808740b015aa80747e5266153128ef055975a72b99",
                "sha256:ee84ca3c58fe48b8ddafdeb1db87388dce2c3c3f701bf447b05e4cfcc3679112",
                "sha256:f042f66d0b4ae6d48e70e28d487376204d3cbf43b84c03bac57e28dac6151581",
                "sha256:f8db2f125746e44dce707dd44d4f4efeea8d7e2b43aace3f8d1f235cfa2733dd",
                "sha256:f93fc78fe8bf15afe2b8d6b6499f1c73953169fad1e9a8dd086cdff3190e7fdf"
            ],
            "markers": "python_version == '3.11'",
            "version": "==1.26.0"
        },
        "pandas": {
            "hashes": [
                "sha256:02304e11582c5d090e5a52aec726f31fe3f42895d6bfc1f28738f9b64b6f0614",
                "sha256:0489b0e6aa3d907e909aef92975edae89b1ee1654db5eafb9be633b0124abe97",
                "sha256:05674536bd477af36aa2effd4ec8f71b92234ce0cc174de34fd21e2ee99adbc2",
                "sha256:25e8474a8eb258e391e30c288eecec565bfed3e026f312b0cbd709a63906b6f8",
                "sha256:29deb61de5a8a93bdd033df328441a79fcf8dd3c12d5ed0b41a395eef9cd76f0",
                "sha256:366da7b0e540d1b908886d4feb3d951f2f1e572e655c1160f5fde28ad4abb750",
                "sha256:3bcad1e6fb34b727b016775bea407311f7721db87e5b409e6542f4546a4951ea",
                "sha256:4c3f32fd7c4dccd035f71734df39231ac1a6ff95e8bdab8d891167197b7018d2",
                "sha256:4cdb0fab0400c2cb46dafcf1a0fe084c8bb2480a1fa8d81e19d15e12e6d4ded2",
                "sha256:4f99bebf19b7e03cf80a4e770a3e65eee9dd4e2679039f542d7c1ace7b7b1daa",
                "sha256:58d997dbee0d4b64f3cb881a24f918b5f25dd64ddf31f467bb9b67ae4c63a1e4",
                "sha256:75ce97667d06d69396d72be074f0556698c7f662029322027c226fd7a26965cb",
                "sha256:84e7e910096416adec68075dc87b986ff202920fb8704e6d9c8c9897fe7332d6",
                "sha256:9e2959720b70e106bb1d8b6eadd8ecd7c8e99ccdbe03ee03260877184bb2877d",
                "sha256:9e50e72b667415a816ac27dfcfe686dc5a0b02202e06196b943d54c4f9c7693e",
                "sha256:a0dbfea0dd3901ad4ce2306575c54348d98499c95be01b8d885a2737fe4d7a98",
                "sha256:b407381258a667df49d58a1b637be33e514b07f9285feb27769cedb3ab3d0b3a",
                "sha256:b8bd1685556f3374520466998929bade3076aeae77c3e67ada5ed2b90b4de7f0",
                "sha256:c1f84c144dee086fe4f04a472b5cd51e680f061adf75c1ae4fc3a9275560f8f4",
                "sha256:c747793c4e9dcece7bb20156179529898abf505fe32cb40c4052107a3c620b49",
                "sha256:cc1ab6a25da197f03ebe6d8fa17273126120874386b4ac11c1d687df288542dd",
                "sha256:dc3657869c7902810f32bd072f0740487f9e030c1a3ab03e0af093db35a9d14e",
                "sha256:f5ec7740f9ccb90aec64edd71434711f58ee0ea7f5ed4ac48be11cfa9abf7317",
                "sha256:fecb198dc389429be557cde50a2d46da8434a17fe37d7d41ff102e3987fd947b",
                "sha256:ffa8f0966de2c22de408d0e322db2faed6f6e74265aa0856f3824813cf124363"
            ],
            "index": "pypi",
            "markers": "python_version >= '3.9'",
            "version": "==2.1.1"
        },
        "python-dateutil": {
            "hashes": [
                "sha256:0123cacc1627ae19ddf3c27a5de5bd67ee4586fbdd6440d9748f8abb483d3e86",
                "sha256:961d03dc3453ebbc59dbdea9e4e11c5651520a876d0f4db161e8674aae935da9"
            ],
            "markers": "python_version >= '2.7' and python_version not in '3.0, 3.1, 3.2, 3.3'",
            "version": "==2.8.2"
        },
        "pytz": {
            "hashes": [
                "sha256:7b4fddbeb94a1eba4b557da24f19fdf9db575192544270a9101d8509f9f43d7b",
                "sha256:ce42d816b81b68506614c11e8937d3aa9e41007ceb50bfdcb0749b921bf646c7"
            ],
            "version": "==2023.3.post1"
        },
        "rapidfuzz": {
            "hashes": [
                "sha256:04644984e61b151d96a1dfb5a2b10a405b2cd021b8b6fb3b7ab7ae0117d31e3d",
                "sha256:052e107a7da8db68bc650181ae3dd787d582fffed1831c677c26dc09881dd76f",
                "sha256:0763b5d4e53613fbbbc9dff610a3f4a0aa91e1426d629d5a25b6450a682c0e1d",
                "sha256:0bdf0b5f52019b3b025a1542eb672554dd88721d5bc8dcc9537ac80442b0171e",
                "sha256:0e50e8b9c95f14ca845a014839afda96e6be3d593fb01f41dbc00a460c443519",
                "sha256:0f07fb259e9839b1708428a4a3ae0aa8e7919aa69b86bf670f105bb35cde042f",
                "sha256:0f36304dfc5226c985f6ee399cf840035945fd947c5e47b8418e98e58f913b84",
                "sha256:138a99230963a3d6b982d332f0338ae61d9102dce5a362d2cfd7db7201b080fc",
                "sha256:13db29a8ab077376bf096ef6e339dbbc3aaccae3b23cc034c0cc3149856b116d",
                "sha256:16883ad18be670cdc824ef8f5f65979b68025d08e20e597a0edf98dfa6d2dcb6",
                "sha256:1ecf81490bd01a376b09d0d0f4ddf0cea93047145ec8e016cdb7354d8cd66219",
                "sha256:1fa10eebd70754614375c21a0e06e8a64e0d33b785d78a22dc9dfbaea8e53cd3",
                "sha256:28272f5dc9ecb921ea0e25c054b59368ff919e739166e4d065e9a95a3ae0b81d",
                "sha256:2944ccfac731da1e7685289754cb43ba7b7dacfb43e5e229eb17eded9c457b1f",
                "sha256:2b314e809c200042a4f61ab6b44c41b3bae335f8a21ebaccebc3500964672946",
                "sha256:2bb0540a29e2616e2ee99ed2e3398344114cf28632e7d662281a2487612ed87f",
                "sha256:2ccb8b22b71a500f9a2b800abb8237ee335b2fd44107b4483c945581eb4e8c4d",
                "sha256:3112ebe083ca561c78c354ffcea33719fb5801ffead0b39243d31e0ea5c61735",
                "sha256:3163a01436708447330cbf59bfeb491137809db4528d32453ebf230f952e10ed",
                "sha256:332b6b734beadc710e81582e09b67684d170b351886d7ea76ccd306e94f95511",
                "sha256:349f0db802b77f28bf167d7fa6f713d1daa023287a54f966db55cdfefaef4ff4",
                "sha256:34bc0f1b212458780b1263772741906838bb78a229be34b6edd5fcb87525e55f",
                "sha256:367281049ebb964af97cbe66a91ad759f44ac75855427f8e9f30194743b3d30b",
                "sha256:376d599c592a2bcb75ed2c0cc2ec3f4d08e9df6bcc59456f5b5f73eda3387a11",
                "sha256:38d6f7be45267698011aa0e50376bd1a039392edd6bc99ad2e9bdd1791e3ce97",
                "sha256:3c273ac9c53d0f7718e183035c94b7c468fc38de92d12a0128d201a5d2700cfe",
                "sha256:3dd193960ebf93c5a27022863c37fab66a8459636a1c3ea221fefba1e56d5f4d",
                "sha256:3fa0b231b5932f0e3f77d5a893e3cb49b3af1dd5de2a9412c8a975beeb319b9f",
                "sha256:410b4b1b4552de1ef8c70dceac553c46d701b78d733854b60b0ec65eaf7b0917",
                "sha256:411b189af7451ba6bffbfc23fa7f971892cf5c7ff5b1fe2ec309bf7694bb290f",
                "sha256:430144a0f03b2c182be2014dd505cb55f5e8f62806520f14406a03e299ddb5a5",
                "sha256:4750f67e530c1ea793d3764bec14914ace2320c90564a89823e3c49f74dc2b98",
                "sha256:48e9b3369d99ec2250dd622afbf5a332974f72289e8e13f2739b3edd2260370d",
                "sha256:4b3292f41c952eadcdccbd8b57cc87f6eefbaa39584c8846244ee9d65ae4e9c2",
                "sha256:4ef2a2b95090d945d682506816bec0fdf5ad4f711618830c7f80e69260317929",
                "sha256:517cda15951860f33899b6c1f7df82710fd059a243e62b5a9dc8f8a305da5b27",
                "sha256:54517a6ccce1cf612435010a45411408cba7d7697eb5208ec3b6ac90ed4cba53",
                "sha256:54a07f9545affb1b4c9bb419a17648a470e1436acc60a80cafa125886860a113",
                "sha256:5533038cf5082e13bb8137741d15625ad30e475ee4da811c0d83f7bcc6fb3d22",
                "sha256:55b6faf830bfcf8bdb92d33ae4b3d660c2aa7e510486173aecaf495b6229253d",
                "sha256:5721ca93a3085db225a4edc7225b1e7ab06d9a0d1d7722c07e9b1a625d704f46",
                "sha256:5a26038d2c6eab28aa2da998e0bffa2054a26920e11349ba8c12b85b6031ab85",
                "sha256:5eec1540f15bbd9755210de05d363b4023cbd06ce7ee215b636c2061e823446e",
                "sha256:5f154304cd26959361d773d2d9872f8439cb77fe6fad6da9710e39f97f17760b",
                "sha256:5fa3c364c0dc04c10b5ac843527a977fb627023c4e4afc20af44ba3135c5da74",
                "sha256:6409621e49a8f0ec271a571ae363857a0c3600a656ebc5530f12937691ce73fb",
                "sha256:6461cba315db61c37f26a871c4d44d6e6cea752ec4caec335367a94635aefb3b",
                "sha256:658a206302ac38efec87e5989899a61948c8d41cdd4c4b5ed650744fe0627b84",
                "sha256:6783b3852f15ed7567688e2e358757a7b4f38683a915ba5edc6c64f1a3f0b450",
                "sha256:6b25eb9b0cc5135a1e43e2bff9fa2acc20bb12c21904ed588bcb140c05a2d459",
                "sha256:6e50c12d0620428d14c45598491b1f6fb62bfd8b064c087bb1c205b10d09b33b",
                "sha256:6fb7a1180e4067fc226d85d622711667dd7bf7ad54e7520eda0197fe01795ee6",
                "sha256:7263beaf5a4f0eeaec521e417a783b9442dd4972d7b4536d48979b63285b5e03",
                "sha256:75ecdfa7715ad139ae3a30c3d6c5fd8ed7d72b2cef6a27b8818c0256783cac75",
                "sha256:76632c85227306d3d9af2764942f30ed3599d13733d7b8aea6e37e97372d803c",
                "sha256:78fc4d37b67ba808aa50cfcbb906eb75034b38a02beb63fafe8f25cf2344c5f8",
                "sha256:7cdba516d49798f3b3bc645ba72c740cb4bcfb5865f4f9de3ccf526c94f85044",
                "sha256:83f3dd875162707548fcbf80c59137ea226a87ef421d119b483afc22cd590911",
                "sha256:84e3abc53ce2125337665f33d26bb1b3eeea391d57d826f4e3dae795b2c552a6",
                "sha256:87efcad5c292fd62ebd5734d1758b44d9f664a0cef0802a11f924ad7468a1d8d",
                "sha256:8d0622807b9ebc0e71e4bc48cbd61d26aa73c0dbf18d8cd995de4e6e1bf1f25b",
                "sha256:8ddb50b03a2ab4d48905e9857ff3d58c5e18ba6f5970292731b627dfe05edd57",
                "sha256:8e7edd355e159a077796107116356e528024a1fd7e7d822a51600930681d98b4",
                "sha256:8f5b8fd82d240e482fc2f30eb6dd85d26e486ceddc8537fb1b7274d62e227784",
                "sha256:8f8f999d87cb71baa20b6bf7204bd5f82361de872447e892020be8effdae74df",
                "sha256:911b86d0fb12b7d467fa977a2eab091a9671836368154c359a0955c3640d50bf",
                "sha256:95ef1e72e0f071200cdcebccac7a9c0b008dfc01c30c280053e37bfef740bfa7",
                "sha256:9736b634b23abcfa23ba6d6f91c92706772a4b146d05eafd52afafa9afdc0600",
                "sha256:9a9d2511368973c7f7760baeff7b5c6a4bfdd90dd22fbee3775f32ff2440173d",
                "sha256:a3a722491aeea07ab7cd4b320f9df7f0be90020ca9161315fc8c1eebdd3073d1",
                "sha256:a4ab55786e034a55d15110c65dd0b25894fc2098488b0ba2eab445afd134a7c3",
                "sha256:a7038fd90def8971cae57104cb4079ed8dae06dd8a9e640a8a0a1aa0f0aad103",
                "sha256:a9a2bd94b7162054fbdf257ee847f0c98ef9b697ef7f9398f5c9a39e9bc537b5",
                "sha256:ad1dac1325eb2e3f9c6cd64df6eb65424ebf410fd115d16c48839dde69b7cd37",
                "sha256:ae0b21be06811cb546f24beada663b9d96dd81423cd353a8f6fa971e88ad210d",
                "sha256:b292eeced85c081cebe9fac389fd026a3818238a2f8676269e3dabecd25a4b9e",
                "sha256:b43bd6aa31903770f5661b6c0ac21e90a1b76ac13034617e9dbd3b90442b1406",
                "sha256:b5d55e35420c8105eff6b3fe1d7718713d7fac3474c8f3da2ccac371c15d0b33",
                "sha256:b758f7a6b2eb03264fc45ed3bbbf7f47e871e8843ff2a49bbeeb8bdf4bd9b435",
                "sha256:b9f5bb52c2d5be4775afb34dbc336afe99d82e62154ed1d4a6d9e09b6a11e60c",
                "sha256:cad943889da89228bb93b0054252e48e49d6ce82c9851e78ad983902b7012c2d",
                "sha256:cc1cabace9998f2877ee039ce165e3e622209fa347f00cb8a276576f6ffd4e90",
                "sha256:cf97b47a42f0419504b0d099f39408c3ac693150f6abcbfd69c59816d2c5a35a",
                "sha256:cffbe592da86a8912174ebed79859ab03fc76348ec1e8450673bce206eb3a3a4",
                "sha256:d334369fa0201f5929ca4e9d4090ba2856ae6172db756e8fa7e326b6c09f9f13",
                "sha256:d63def4d0e494e9fc9127567dbb82419686fa43ce96fa4dd63f3688a86c17ab0",
                "sha256:d8639f6c800d1bafc004083d735a0977098ca142511150b5084b3b70dee199ab",
                "sha256:db13dbc14c05050ccb5e2ee2528135170b1a38d0b6bf8c41996fd4b2e9490f86",
                "sha256:dcbe35ef42ddca0602b4ebcb2ef9f23a4336595a3ed92a2ad70edb1ba17e2670",
                "sha256:ded1b412c2bde3f1a072735bf1f551b7dc4bc9d1ba98abac2561b4b4b88c3568",
                "sha256:e3331534c475e152bb4508f8bdf810814666aa061a5835a7fdde1c722088ebd7",
                "sha256:e3a952022b2f7529b6ca3c86146f75daa183acb656b851c394feaf1586fb64be",
                "sha256:e3dab2098bc66add2ce5738b4a962a16673925158fe264298512cbc3063ca398",
                "sha256:e4e298f0577d06f8116d0304de2b9f5db8c12c6c05e605307f0f6d8a959491d8",
                "sha256:e4e99e7fe0ab51a32db3a1fa6d7c9950ad66c5f379560698acb6377ecb4092b2",
                "sha256:e515b62a58f9846e6be9b8e543dc850de4bc6a5ab3cebf0183648e06e16e72e1",
                "sha256:e8f4593f4f6ffcac3946f22ad1d546cd0ca5048fecc771da0b6bd9424b8330d7",
                "sha256:ee68c3befc07917a71dd3a4c75ba11e5cb58ba0888240e7c393c1c2c51696d88",
                "sha256:eed25c4a9adf4ea7b16dd1836be180e259fd1172a9771faddb1aeeec9fb1e813",
                "sha256:f0a8476d74a8d585fa0dbc3ff88028051976438ff58cb11ca903ac5ee725c718",
                "sha256:f1410d98d43743958c69391b38fc600f86315120b30cd73767e7faa19df3c533",
                "sha256:f2a0e684b54e6dbf62e77cc311b501aad6520f596c8313905848a7f876d7f27b",
                "sha256:f3d9d498c1ae218dbb7419b54bfb2a02aa1ed454701409cd2f4e690437358871",
                "sha256:fa7787655432478a4d4e20b410fa38c2e56146c5a1a948aeb03e90282f999b2d",
                "sha256:fb67eeb91942fbb19f020c2ea41bbdc69a242987e6a1abb8a161580c5b1ca5fa",
                "sha256:fe0a5bc9046aae59cb0d2ea8dc281bf92b4c3a0137354753cc47629a840498ee",
                "sha256:feb62d6db50455f5bde4468d85f92b4e06fab42adac29c53df3506cd41fed5ec",
                "sha256:fec991fa6b4e7da6e7ac9aecfb90b03c37e275ec0241fec654473889f2aaf3bd"
            ],
            "markers": "python_version >= '3.7'",
            "version": "==3.3.1"
        },
        "six": {
            "hashes": [
                "sha256:1e61c37477a1626458e36f7b1d82aa5c9b094fa4802892072e49de9c60c4c926",
                "sha256:8abb2f1d86890a2dfb989f9a77cfcfd3e47c2a354b01111771326f8aa26e0254"
            ],
            "markers": "python_version >= '2.7' and python_version not in '3.0, 3.1, 3.2, 3.3'",
            "version": "==1.16.0"
        },
        "tqdm": {
            "hashes": [
                "sha256:d302b3c5b53d47bce91fea46679d9c3c6508cf6332229aa1e7d8653723793386",
                "sha256:d88e651f9db8d8551a62556d3cff9e3034274ca5d66e93197cf2490e2dcb69c7"
            ],
            "index": "pypi",
            "markers": "python_version >= '3.7'",
            "version": "==4.66.1"
        },
        "tzdata": {
            "hashes": [
                "sha256:11ef1e08e54acb0d4f95bdb1be05da659673de4acbd21bf9c69e94cc5e907a3a",
                "sha256:7e65763eef3120314099b6939b5546db7adce1e7d6f2e179e3df563c70511eda"
            ],
            "markers": "python_version >= '2'",
            "version": "==2023.3"
        }
    },
    "develop": {
        "mypy": {
            "hashes": [
                "sha256:159aa9acb16086b79bbb0016145034a1a05360626046a929f84579ce1666b315",
                "sha256:258b22210a4a258ccd077426c7a181d789d1121aca6db73a83f79372f5569ae0",
                "sha256:26f71b535dfc158a71264e6dc805a9f8d2e60b67215ca0bfa26e2e1aa4d4d373",
                "sha256:26fb32e4d4afa205b24bf645eddfbb36a1e17e995c5c99d6d00edb24b693406a",
                "sha256:2fc3a600f749b1008cc75e02b6fb3d4db8dbcca2d733030fe7a3b3502902f161",
                "sha256:32cb59609b0534f0bd67faebb6e022fe534bdb0e2ecab4290d683d248be1b275",
                "sha256:330857f9507c24de5c5724235e66858f8364a0693894342485e543f5b07c8693",
                "sha256:361da43c4f5a96173220eb53340ace68cda81845cd88218f8862dfb0adc8cddb",
                "sha256:4a465ea2ca12804d5b34bb056be3a29dc47aea5973b892d0417c6a10a40b2d65",
                "sha256:51cb1323064b1099e177098cb939eab2da42fea5d818d40113957ec954fc85f4",
                "sha256:57b10c56016adce71fba6bc6e9fd45d8083f74361f629390c556738565af8eeb",
                "sha256:596fae69f2bfcb7305808c75c00f81fe2829b6236eadda536f00610ac5ec2243",
                "sha256:5d627124700b92b6bbaa99f27cbe615c8ea7b3402960f6372ea7d65faf376c14",
                "sha256:6ac9c21bfe7bc9f7f1b6fae441746e6a106e48fc9de530dea29e8cd37a2c0cc4",
                "sha256:82cb6193de9bbb3844bab4c7cf80e6227d5225cc7625b068a06d005d861ad5f1",
                "sha256:8f772942d372c8cbac575be99f9cc9d9fb3bd95c8bc2de6c01411e2c84ebca8a",
                "sha256:9fece120dbb041771a63eb95e4896791386fe287fefb2837258925b8326d6160",
                "sha256:a156e6390944c265eb56afa67c74c0636f10283429171018446b732f1a05af25",
                "sha256:a9ec1f695f0c25986e6f7f8778e5ce61659063268836a38c951200c57479cc12",
                "sha256:abed92d9c8f08643c7d831300b739562b0a6c9fcb028d211134fc9ab20ccad5d",
                "sha256:b031b9601f1060bf1281feab89697324726ba0c0bae9d7cd7ab4b690940f0b92",
                "sha256:c543214ffdd422623e9fedd0869166c2f16affe4ba37463975043ef7d2ea8770",
                "sha256:d28ddc3e3dfeab553e743e532fb95b4e6afad51d4706dd22f28e1e5e664828d2",
                "sha256:f33592ddf9655a4894aef22d134de7393e95fcbdc2d15c1ab65828eee5c66c70",
                "sha256:f6b0e77db9ff4fda74de7df13f30016a0a663928d669c9f2c057048ba44f09bb",
                "sha256:f757063a83970d67c444f6e01d9550a7402322af3557ce7630d3c957386fa8f5",
                "sha256:ff0cedc84184115202475bbb46dd99f8dcb87fe24d5d0ddfc0fe6b8575c88d2f"
            ],
            "index": "pypi",
            "markers": "python_version >= '3.8'",
            "version": "==1.5.1"
        },
        "mypy-extensions": {
            "hashes": [
                "sha256:4392f6c0eb8a5668a69e23d168ffa70f0be9ccfd32b5cc2d26a34ae5b844552d",
                "sha256:75dbf8955dc00442a438fc4d0666508a9a97b6bd41aa2f0ffe9d2f2725af0782"
            ],
            "markers": "python_version >= '3.5'",
            "version": "==1.0.0"
        },
        "typing-extensions": {
            "hashes": [
                "sha256:8f92fc8806f9a6b641eaa5318da32b44d401efaac0f6678c9bc448ba3605faa0",
                "sha256:df8e4339e9cb77357558cbdbceca33c303714cf861d1eef15e1070055ae8b7ef"
            ],
            "markers": "python_version >= '3.8'",
            "version": "==4.8.0"
        }
    }
}
